
Microsoft Visual Studio Solution File, Format Version 12.00
# Visual Studio 15
VisualStudioVersion = 15.0.28307.168
MinimumVisualStudioVersion = 10.0.40219.1
Project("{FAE04EC0-301F-11D3-BF4B-00C04F79EFBC}") = "Ex01", "Ex01\Ex01.csproj", "{99737236-D07E-49E6-8FDA-C9CD656C6DE9}"
EndProject
Global
	GlobalSection(SolutionConfigurationPlatforms) = preSolution
		Debug|Any CPU = Debug|Any CPU
		Release|Any CPU = Release|Any CPU
	EndGlobalSection
	GlobalSection(ProjectConfigurationPlatforms) = postSolution
		{99737236-D07E-49E6-8FDA-C9CD656C6DE9}.Debug|Any CPU.ActiveCfg = Debug|Any CPU
		{99737236-D07E-49E6-8FDA-C9CD656C6DE9}.Debug|Any CPU.Build.0 = Debug|Any CPU
		{99737236-D07E-49E6-8FDA-C9CD656C6DE9}.Release|Any CPU.ActiveCfg = Release|Any CPU
		{99737236-D07E-49E6-8FDA-C9CD656C6DE9}.Release|Any CPU.Build.0 = Release|Any CPU
	EndGlobalSection
	GlobalSection(SolutionProperties) = preSolution
		HideSolutionNode = FALSE
	EndGlobalSection
	GlobalSection(ExtensibilityGlobals) = postSolution
		SolutionGuid = {EAC011D6-E582-4F75-B47F-D0A7D3D0D76E}
	EndGlobalSection
EndGlobal
